
Microsoft Visual Studio Solution File, Format Version 12.00
# Visual Studio Version 17
VisualStudioVersion = 17.7.34024.191
MinimumVisualStudioVersion = 10.0.40219.1
Project("{9A19103F-16F7-4668-BE54-9A1E7A4F7556}") = "Nutrition-Advisor", "src\Nutrition-Advisor\Nutrition-Advisor.csproj", "{0C78B619-57CC-4706-AB59-EE7E82BD0B80}"
EndProject
Project("{9A19103F-16F7-4668-BE54-9A1E7A4F7556}") = "Nutrition-Advisor.ConsoleApp", "src\Nutrition-Advisor.ConsoleApp\Nutrition-Advisor.ConsoleApp.csproj", "{A1724EDE-2D1F-4BDB-B961-A9103C16D243}"
EndProject
Project("{9A19103F-16F7-4668-BE54-9A1E7A4F7556}") = "Nutrition-Advisor.Tests", "Nutrition-Advisor.Tests\Nutrition-Advisor.Tests.csproj", "{D986EF5E-AC85-4D7F-9B08-978CA7B4517B}"
EndProject
Project("{9A19103F-16F7-4668-BE54-9A1E7A4F7556}") = "Nutrition-Advisor.Api", "src\Nutrition-Advisor.Api\Nutrition-Advisor.Api.csproj", "{DD1B78E8-1830-4114-8E8A-0E8FBEC620B2}"
EndProject
Project("{9A19103F-16F7-4668-BE54-9A1E7A4F7556}") = "Nutrition-Advisor.Api.Tests", "Nutrition-Advisor.Api.Tests\Nutrition-Advisor.Api.Tests.csproj", "{FEEE8A4E-30BF-4160-B0DC-432AD131320A}"
EndProject
Project("{2150E333-8FDC-42A3-9474-1A3956D46DE8}") = "Solution Items", "Solution Items", "{15673458-0FE3-4094-8CF2-1BC4D73565AC}"
	ProjectSection(SolutionItems) = preProject
		README.md = README.md
	EndProjectSection
EndProject
Global
	GlobalSection(SolutionConfigurationPlatforms) = preSolution
		Debug|Any CPU = Debug|Any CPU
		Release|Any CPU = Release|Any CPU
	EndGlobalSection
	GlobalSection(ProjectConfigurationPlatforms) = postSolution
		{0C78B619-57CC-4706-AB59-EE7E82BD0B80}.Debug|Any CPU.ActiveCfg = Debug|Any CPU
		{0C78B619-57CC-4706-AB59-EE7E82BD0B80}.Debug|Any CPU.Build.0 = Debug|Any CPU
		{0C78B619-57CC-4706-AB59-EE7E82BD0B80}.Release|Any CPU.ActiveCfg = Release|Any CPU
		{0C78B619-57CC-4706-AB59-EE7E82BD0B80}.Release|Any CPU.Build.0 = Release|Any CPU
		{A1724EDE-2D1F-4BDB-B961-A9103C16D243}.Debug|Any CPU.ActiveCfg = Debug|Any CPU
		{A1724EDE-2D1F-4BDB-B961-A9103C16D243}.Debug|Any CPU.Build.0 = Debug|Any CPU
		{A1724EDE-2D1F-4BDB-B961-A9103C16D243}.Release|Any CPU.ActiveCfg = Release|Any CPU
		{A1724EDE-2D1F-4BDB-B961-A9103C16D243}.Release|Any CPU.Build.0 = Release|Any CPU
		{D986EF5E-AC85-4D7F-9B08-978CA7B4517B}.Debug|Any CPU.ActiveCfg = Debug|Any CPU
		{D986EF5E-AC85-4D7F-9B08-978CA7B4517B}.Debug|Any CPU.Build.0 = Debug|Any CPU
		{D986EF5E-AC85-4D7F-9B08-978CA7B4517B}.Release|Any CPU.ActiveCfg = Release|Any CPU
		{D986EF5E-AC85-4D7F-9B08-978CA7B4517B}.Release|Any CPU.Build.0 = Release|Any CPU
		{DD1B78E8-1830-4114-8E8A-0E8FBEC620B2}.Debug|Any CPU.ActiveCfg = Debug|Any CPU
		{DD1B78E8-1830-4114-8E8A-0E8FBEC620B2}.Debug|Any CPU.Build.0 = Debug|Any CPU
		{DD1B78E8-1830-4114-8E8A-0E8FBEC620B2}.Release|Any CPU.ActiveCfg = Release|Any CPU
		{DD1B78E8-1830-4114-8E8A-0E8FBEC620B2}.Release|Any CPU.Build.0 = Release|Any CPU
		{FEEE8A4E-30BF-4160-B0DC-432AD131320A}.Debug|Any CPU.ActiveCfg = Debug|Any CPU
		{FEEE8A4E-30BF-4160-B0DC-432AD131320A}.Debug|Any CPU.Build.0 = Debug|Any CPU
		{FEEE8A4E-30BF-4160-B0DC-432AD131320A}.Release|Any CPU.ActiveCfg = Release|Any CPU
		{FEEE8A4E-30BF-4160-B0DC-432AD131320A}.Release|Any CPU.Build.0 = Release|Any CPU
	EndGlobalSection
	GlobalSection(SolutionProperties) = preSolution
		HideSolutionNode = FALSE
	EndGlobalSection
	GlobalSection(ExtensibilityGlobals) = postSolution
		SolutionGuid = {ACBBB248-7658-4848-9379-DDB1F89840FE}
	EndGlobalSection
EndGlobal
